
Microsoft Visual Studio Solution File, Format Version 12.00
# Visual Studio 15
VisualStudioVersion = 15.0.27130.2027
MinimumVisualStudioVersion = 10.0.40219.1
Project("{FAE04EC0-301F-11D3-BF4B-00C04F79EFBC}") = "NeuralNetwork", "NeuralNetwork\NeuralNetwork.csproj", "{1F509A2A-789F-42E7-ADBA-BD2C58AAF556}"
EndProject
Project("{FAE04EC0-301F-11D3-BF4B-00C04F79EFBC}") = "NeuralNetwork.Tests", "NeuralNetwork.Tests\NeuralNetwork.Tests.csproj", "{3DB268B4-DFE5-4115-8530-819653819426}"
EndProject
Global
	GlobalSection(SolutionConfigurationPlatforms) = preSolution
		Debug|Any CPU = Debug|Any CPU
		Release|Any CPU = Release|Any CPU
	EndGlobalSection
	GlobalSection(ProjectConfigurationPlatforms) = postSolution
		{1F509A2A-789F-42E7-ADBA-BD2C58AAF556}.Debug|Any CPU.ActiveCfg = Debug|Any CPU
		{1F509A2A-789F-42E7-ADBA-BD2C58AAF556}.Debug|Any CPU.Build.0 = Debug|Any CPU
		{1F509A2A-789F-42E7-ADBA-BD2C58AAF556}.Release|Any CPU.ActiveCfg = Release|Any CPU
		{1F509A2A-789F-42E7-ADBA-BD2C58AAF556}.Release|Any CPU.Build.0 = Release|Any CPU
		{3DB268B4-DFE5-4115-8530-819653819426}.Debug|Any CPU.ActiveCfg = Debug|Any CPU
		{3DB268B4-DFE5-4115-8530-819653819426}.Debug|Any CPU.Build.0 = Debug|Any CPU
		{3DB268B4-DFE5-4115-8530-819653819426}.Release|Any CPU.ActiveCfg = Release|Any CPU
		{3DB268B4-DFE5-4115-8530-819653819426}.Release|Any CPU.Build.0 = Release|Any CPU
	EndGlobalSection
	GlobalSection(SolutionProperties) = preSolution
		HideSolutionNode = FALSE
	EndGlobalSection
	GlobalSection(ExtensibilityGlobals) = postSolution
		SolutionGuid = {0E6E5CF9-EE97-405C-8ABA-0037AAFAA6BC}
	EndGlobalSection
EndGlobal
